
Microsoft Visual Studio Solution File, Format Version 12.00
# Visual Studio Version 16
VisualStudioVersion = 16.0.30204.135
MinimumVisualStudioVersion = 10.0.40219.1
Project("{FAE04EC0-301F-11D3-BF4B-00C04F79EFBC}") = "WebAppHub", "WebAppHub\WebAppHub.csproj", "{5F281292-20EE-4432-AE23-801104027E24}"
EndProject
Global
	GlobalSection(SolutionConfigurationPlatforms) = preSolution
		Debug|Any CPU = Debug|Any CPU
		Release|Any CPU = Release|Any CPU
	EndGlobalSection
	GlobalSection(ProjectConfigurationPlatforms) = postSolution
		{5F281292-20EE-4432-AE23-801104027E24}.Debug|Any CPU.ActiveCfg = Debug|Any CPU
		{5F281292-20EE-4432-AE23-801104027E24}.Debug|Any CPU.Build.0 = Debug|Any CPU
		{5F281292-20EE-4432-AE23-801104027E24}.Release|Any CPU.ActiveCfg = Release|Any CPU
		{5F281292-20EE-4432-AE23-801104027E24}.Release|Any CPU.Build.0 = Release|Any CPU
	EndGlobalSection
	GlobalSection(SolutionProperties) = preSolution
		HideSolutionNode = FALSE
	EndGlobalSection
	GlobalSection(ExtensibilityGlobals) = postSolution
		SolutionGuid = {3D654787-744A-4143-BC84-DE3652FF839C}
	EndGlobalSection
EndGlobal
